// !$*UTF8*$!
{
	archiveVersion = 1;
	classes = {
	};
	objectVersion = 50;
	objects = {

/* Begin PBXBuildFile section */
		8000B56621F31C8000617988 /* AppDelegate.swift in Sources */ = {isa = PBXBuildFile; fileRef = 8000B56521F31C8000617988 /* AppDelegate.swift */; };
		8000B56821F31C8000617988 /* ViewController.swift in Sources */ = {isa = PBXBuildFile; fileRef = 8000B56721F31C8000617988 /* ViewController.swift */; };
		8000B56B21F31C8000617988 /* Main.storyboard in Resources */ = {isa = PBXBuildFile; fileRef = 8000B56921F31C8000617988 /* Main.storyboard */; };
		8000B56E21F31C8000617988 /* RPN_30.xcdatamodeld in Sources */ = {isa = PBXBuildFile; fileRef = 8000B56C21F31C8000617988 /* RPN_30.xcdatamodeld */; };
		8000B57021F31C8200617988 /* Assets.xcassets in Resources */ = {isa = PBXBuildFile; fileRef = 8000B56F21F31C8200617988 /* Assets.xcassets */; };
		8000B57321F31C8200617988 /* LaunchScreen.storyboard in Resources */ = {isa = PBXBuildFile; fileRef = 8000B57121F31C8200617988 /* LaunchScreen.storyboard */; };
		8000B57F21F320CA00617988 /* Calculator.swift in Sources */ = {isa = PBXBuildFile; fileRef = 8000B57E21F320CA00617988 /* Calculator.swift */; };
		8000B58121F84C8000617988 /* CalculatorButton.swift in Sources */ = {isa = PBXBuildFile; fileRef = 8000B58021F84C8000617988 /* CalculatorButton.swift */; };
		8000B58321FC944600617988 /* OldCodeDump.swift in Sources */ = {isa = PBXBuildFile; fileRef = 8000B58221FC944600617988 /* OldCodeDump.swift */; };
		8000B58521FE3C1D00617988 /* To do in Resources */ = {isa = PBXBuildFile; fileRef = 8000B58421FE3C1D00617988 /* To do */; };
		8000B58721FE44C000617988 /* ColorExtension.swift in Sources */ = {isa = PBXBuildFile; fileRef = 8000B58621FE44C000617988 /* ColorExtension.swift */; };
/* End PBXBuildFile section */

/* Begin PBXFileReference section */
		8000B56221F31C8000617988 /* RPN-30.app */ = {isa = PBXFileReference; explicitFileType = wrapper.application; includeInIndex = 0; path = "RPN-30.app"; sourceTree = BUILT_PRODUCTS_DIR; };
		8000B56521F31C8000617988 /* AppDelegate.swift */ = {isa = PBXFileReference; lastKnownFileType = sourcecode.swift; path = AppDelegate.swift; sourceTree = "<group>"; };
		8000B56721F31C8000617988 /* ViewController.swift */ = {isa = PBXFileReference; lastKnownFileType = sourcecode.swift; path = ViewController.swift; sourceTree = "<group>"; };
		8000B56A21F31C8000617988 /* Base */ = {isa = PBXFileReference; lastKnownFileType = file.storyboard; name = Base; path = Base.lproj/Main.storyboard; sourceTree = "<group>"; };
		8000B56D21F31C8000617988 /* RPN_30.xcdatamodel */ = {isa = PBXFileReference; lastKnownFileType = wrapper.xcdatamodel; path = RPN_30.xcdatamodel; sourceTree = "<group>"; };
		8000B56F21F31C8200617988 /* Assets.xcassets */ = {isa = PBXFileReference; lastKnownFileType = folder.assetcatalog; path = Assets.xcassets; sourceTree = "<group>"; };
		8000B57221F31C8200617988 /* Base */ = {isa = PBXFileReference; lastKnownFileType = file.storyboard; name = Base; path = Base.lproj/LaunchScreen.storyboard; sourceTree = "<group>"; };
		8000B57421F31C8200617988 /* Info.plist */ = {isa = PBXFileReference; lastKnownFileType = text.plist.xml; path = Info.plist; sourceTree = "<group>"; };
		8000B57E21F320CA00617988 /* Calculator.swift */ = {isa = PBXFileReference; lastKnownFileType = sourcecode.swift; path = Calculator.swift; sourceTree = "<group>"; };
		8000B58021F84C8000617988 /* CalculatorButton.swift */ = {isa = PBXFileReference; lastKnownFileType = sourcecode.swift; path = CalculatorButton.swift; sourceTree = "<group>"; };
		8000B58221FC944600617988 /* OldCodeDump.swift */ = {isa = PBXFileReference; lastKnownFileType = sourcecode.swift; path = OldCodeDump.swift; sourceTree = "<group>"; };
		8000B58421FE3C1D00617988 /* To do */ = {isa = PBXFileReference; lastKnownFileType = text; path = "To do"; sourceTree = "<group>"; };
		8000B58621FE44C000617988 /* ColorExtension.swift */ = {isa = PBXFileReference; lastKnownFileType = sourcecode.swift; path = ColorExtension.swift; sourceTree = "<group>"; };
/* End PBXFileReference section */

/* Begin PBXFrameworksBuildPhase section */
		8000B55F21F31C8000617988 /* Frameworks */ = {
			isa = PBXFrameworksBuildPhase;
			buildActionMask = 2147483647;
			files = (
			);
			runOnlyForDeploymentPostprocessing = 0;
		};
/* End PBXFrameworksBuildPhase section */

/* Begin PBXGroup section */
		8000B55921F31C8000617988 = {
			isa = PBXGroup;
			children = (
				8000B56421F31C8000617988 /* RPN-30 */,
				8000B56321F31C8000617988 /* Products */,
			);
			sourceTree = "<group>";
		};
		8000B56321F31C8000617988 /* Products */ = {
			isa = PBXGroup;
			children = (
				8000B56221F31C8000617988 /* RPN-30.app */,
			);
			name = Products;
			sourceTree = "<group>";
		};
		8000B56421F31C8000617988 /* RPN-30 */ = {
			isa = PBXGroup;
			children = (
				8000B57E21F320CA00617988 /* Calculator.swift */,
				8000B58621FE44C000617988 /* ColorExtension.swift */,
				8000B58421FE3C1D00617988 /* To do */,
				8000B58221FC944600617988 /* OldCodeDump.swift */,
				8000B58021F84C8000617988 /* CalculatorButton.swift */,
				8000B56521F31C8000617988 /* AppDelegate.swift */,
				8000B56721F31C8000617988 /* ViewController.swift */,
				8000B56921F31C8000617988 /* Main.storyboard */,
				8000B56F21F31C8200617988 /* Assets.xcassets */,
				8000B57121F31C8200617988 /* LaunchScreen.storyboard */,
				8000B57421F31C8200617988 /* Info.plist */,
				8000B56C21F31C8000617988 /* RPN_30.xcdatamodeld */,
			);
			path = "RPN-30";
			sourceTree = "<group>";
		};
/* End PBXGroup section */

/* Begin PBXNativeTarget section */
		8000B56121F31C8000617988 /* RPN-30 */ = {
			isa = PBXNativeTarget;
			buildConfigurationList = 8000B57721F31C8200617988 /* Build configuration list for PBXNativeTarget "RPN-30" */;
			buildPhases = (
				8000B55E21F31C8000617988 /* Sources */,
				8000B55F21F31C8000617988 /* Frameworks */,
				8000B56021F31C8000617988 /* Resources */,
			);
			buildRules = (
			);
			dependencies = (
			);
			name = "RPN-30";
			productName = "RPN-30";
			productReference = 8000B56221F31C8000617988 /* RPN-30.app */;
			productType = "com.apple.product-type.application";
		};
/* End PBXNativeTarget section */

/* Begin PBXProject section */
		8000B55A21F31C8000617988 /* Project object */ = {
			isa = PBXProject;
			attributes = {
				LastSwiftUpdateCheck = 1010;
				LastUpgradeCheck = 1010;
				ORGANIZATIONNAME = "Ashok Khanna";
				TargetAttributes = {
					8000B56121F31C8000617988 = {
						CreatedOnToolsVersion = 10.1;
					};
				};
			};
			buildConfigurationList = 8000B55D21F31C8000617988 /* Build configuration list for PBXProject "RPN-30" */;
			compatibilityVersion = "Xcode 9.3";
			developmentRegion = en;
			hasScannedForEncodings = 0;
			knownRegions = (
				en,
				Base,
			);
			mainGroup = 8000B55921F31C8000617988;
			productRefGroup = 8000B56321F31C8000617988 /* Products */;
			projectDirPath = "";
			projectRoot = "";
			targets = (
				8000B56121F31C8000617988 /* RPN-30 */,
			);
		};
/* End PBXProject section */

/* Begin PBXResourcesBuildPhase section */
		8000B56021F31C8000617988 /* Resources */ = {
			isa = PBXResourcesBuildPhase;
			buildActionMask = 2147483647;
			files = (
				8000B57321F31C8200617988 /* LaunchScreen.storyboard in Resources */,
				8000B57021F31C8200617988 /* Assets.xcassets in Resources */,
				8000B56B21F31C8000617988 /* Main.storyboard in Resources */,
				8000B58521FE3C1D00617988 /* To do in Resources */,
			);
			runOnlyForDeploymentPostprocessing = 0;
		};
/* End PBXResourcesBuildPhase section */

/* Begin PBXSourcesBuildPhase section */
		8000B55E21F31C8000617988 /* Sources */ = {
			isa = PBXSourcesBuildPhase;
			buildActionMask = 2147483647;
			files = (
				8000B58321FC944600617988 /* OldCodeDump.swift in Sources */,
				8000B56821F31C8000617988 /* ViewController.swift in Sources */,
				8000B57F21F320CA00617988 /* Calculator.swift in Sources */,
				8000B56621F31C8000617988 /* AppDelegate.swift in Sources */,
				8000B56E21F31C8000617988 /* RPN_30.xcdatamodeld in Sources */,
				8000B58721FE44C000617988 /* ColorExtension.swift in Sources */,
				8000B58121F84C8000617988 /* CalculatorButton.swift in Sources */,
			);
			runOnlyForDeploymentPostprocessing = 0;
		};
/* End PBXSourcesBuildPhase section */

/* Begin PBXVariantGroup section */
		8000B56921F31C8000617988 /* Main.storyboard */ = {
			isa = PBXVariantGroup;
			children = (
				8000B56A21F31C8000617988 /* Base */,
			);
			name = Main.storyboard;
			sourceTree = "<group>";
		};
		8000B57121F31C8200617988 /* LaunchScreen.storyboard */ = {
			isa = PBXVariantGroup;
			children = (
				8000B57221F31C8200617988 /* Base */,
			);
			name = LaunchScreen.storyboard;
			sourceTree = "<group>";
		};
/* End PBXVariantGroup section */

/* Begin XCBuildConfiguration section */
		8000B57521F31C8200617988 /* Debug */ = {
			isa = XCBuildConfiguration;
			buildSettings = {
				ALWAYS_SEARCH_USER_PATHS = NO;
				CLANG_ANALYZER_NONNULL = YES;
				CLANG_ANALYZER_NUMBER_OBJECT_CONVERSION = YES_AGGRESSIVE;
				CLANG_CXX_LANGUAGE_STANDARD = "gnu++14";
				CLANG_CXX_LIBRARY = "libc++";
				CLANG_ENABLE_MODULES = YES;
				CLANG_ENABLE_OBJC_ARC = YES;
				CLANG_ENABLE_OBJC_WEAK = YES;
				CLANG_WARN_BLOCK_CAPTURE_AUTORELEASING = YES;
				CLANG_WARN_BOOL_CONVERSION = YES;
				CLANG_WARN_COMMA = YES;
				CLANG_WARN_CONSTANT_CONVERSION = YES;
				CLANG_WARN_DEPRECATED_OBJC_IMPLEMENTATIONS = YES;
				CLANG_WARN_DIRECT_OBJC_ISA_USAGE = YES_ERROR;
				CLANG_WARN_DOCUMENTATION_COMMENTS = YES;
				CLANG_WARN_EMPTY_BODY = YES;
				CLANG_WARN_ENUM_CONVERSION = YES;
				CLANG_WARN_INFINITE_RECURSION = YES;
				CLANG_WARN_INT_CONVERSION = YES;
				CLANG_WARN_NON_LITERAL_NULL_CONVERSION = YES;
				CLANG_WARN_OBJC_IMPLICIT_RETAIN_SELF = YES;
				CLANG_WARN_OBJC_LITERAL_CONVERSION = YES;
				CLANG_WARN_OBJC_ROOT_CLASS = YES_ERROR;
				CLANG_WARN_RANGE_LOOP_ANALYSIS = YES;
				CLANG_WARN_STRICT_PROTOTYPES = YES;
				CLANG_WARN_SUSPICIOUS_MOVE = YES;
				CLANG_WARN_UNGUARDED_AVAILABILITY = YES_AGGRESSIVE;
				CLANG_WARN_UNREACHABLE_CODE = YES;
				CLANG_WARN__DUPLICATE_METHOD_MATCH = YES;
				CODE_SIGN_IDENTITY = "iPhone Developer";
				COPY_PHASE_STRIP = NO;
				DEBUG_INFORMATION_FORMAT = dwarf;
				ENABLE_STRICT_OBJC_MSGSEND = YES;
				ENABLE_TESTABILITY = YES;
				GCC_C_LANGUAGE_STANDARD = gnu11;
				GCC_DYNAMIC_NO_PIC = NO;
				GCC_NO_COMMON_BLOCKS = YES;
				GCC_OPTIMIZATION_LEVEL = 0;
				GCC_PREPROCESSOR_DEFINITIONS = (
					"DEBUG=1",
					"$(inherited)",
				);
				GCC_WARN_64_TO_32_BIT_CONVERSION = YES;
				GCC_WARN_ABOUT_RETURN_TYPE = YES_ERROR;
				GCC_WARN_UNDECLARED_SELECTOR = YES;
				GCC_WARN_UNINITIALIZED_AUTOS = YES_AGGRESSIVE;
				GCC_WARN_UNUSED_FUNCTION = YES;
				GCC_WARN_UNUSED_VARIABLE = YES;
				IPHONEOS_DEPLOYMENT_TARGET = 12.1;
				MTL_ENABLE_DEBUG_INFO = INCLUDE_SOURCE;
				MTL_FAST_MATH = YES;
				ONLY_ACTIVE_ARCH = YES;
				SDKROOT = iphoneos;
				SWIFT_ACTIVE_COMPILATION_CONDITIONS = DEBUG;
				SWIFT_OPTIMIZATION_LEVEL = "-Onone";
			};
			name = Debug;
		};
		8000B57621F31C8200617988 /* Release */ = {
			isa = XCBuildConfiguration;
			buildSettings = {
				ALWAYS_SEARCH_USER_PATHS = NO;
				CLANG_ANALYZER_NONNULL = YES;
				CLANG_ANALYZER_NUMBER_OBJECT_CONVERSION = YES_AGGRESSIVE;
				CLANG_CXX_LANGUAGE_STANDARD = "gnu++14";
				CLANG_CXX_LIBRARY = "libc++";
				CLANG_ENABLE_MODULES = YES;
				CLANG_ENABLE_OBJC_ARC = YES;
				CLANG_ENABLE_OBJC_WEAK = YES;
				CLANG_WARN_BLOCK_CAPTURE_AUTORELEASING = YES;
				CLANG_WARN_BOOL_CONVERSION = YES;
				CLANG_WARN_COMMA = YES;
				CLANG_WARN_CONSTANT_CONVERSION = YES;
				CLANG_WARN_DEPRECATED_OBJC_IMPLEMENTATIONS = YES;
				CLANG_WARN_DIRECT_OBJC_ISA_USAGE = YES_ERROR;
				CLANG_WARN_DOCUMENTATION_COMMENTS = YES;
				CLANG_WARN_EMPTY_BODY = YES;
				CLANG_WARN_ENUM_CONVERSION = YES;
				CLANG_WARN_INFINITE_RECURSION = YES;
				CLANG_WARN_INT_CONVERSION = YES;
				CLANG_WARN_NON_LITERAL_NULL_CONVERSION = YES;
				CLANG_WARN_OBJC_IMPLICIT_RETAIN_SELF = YES;
				CLANG_WARN_OBJC_LITERAL_CONVERSION = YES;
				CLANG_WARN_OBJC_ROOT_CLASS = YES_ERROR;
				CLANG_WARN_RANGE_LOOP_ANALYSIS = YES;
				CLANG_WARN_STRICT_PROTOTYPES = YES;
				CLANG_WARN_SUSPICIOUS_MOVE = YES;
				CLANG_WARN_UNGUARDED_AVAILABILITY = YES_AGGRESSIVE;
				CLANG_WARN_UNREACHABLE_CODE = YES;
				CLANG_WARN__DUPLICATE_METHOD_MATCH = YES;
				CODE_SIGN_IDENTITY = "iPhone Developer";
				COPY_PHASE_STRIP = NO;
				DEBUG_INFORMATION_FORMAT = "dwarf-with-dsym";
				ENABLE_NS_ASSERTIONS = NO;
				ENABLE_STRICT_OBJC_MSGSEND = YES;
				GCC_C_LANGUAGE_STANDARD = gnu11;
				GCC_NO_COMMON_BLOCKS = YES;
				GCC_WARN_64_TO_32_BIT_CONVERSION = YES;
				GCC_WARN_ABOUT_RETURN_TYPE = YES_ERROR;
				GCC_WARN_UNDECLARED_SELECTOR = YES;
				GCC_WARN_UNINITIALIZED_AUTOS = YES_AGGRESSIVE;
				GCC_WARN_UNUSED_FUNCTION = YES;
				GCC_WARN_UNUSED_VARIABLE = YES;
				IPHONEOS_DEPLOYMENT_TARGET = 12.1;
				MTL_ENABLE_DEBUG_INFO = NO;
				MTL_FAST_MATH = YES;
				SDKROOT = iphoneos;
				SWIFT_COMPILATION_MODE = wholemodule;
				SWIFT_OPTIMIZATION_LEVEL = "-O";
				VALIDATE_PRODUCT = YES;
			};
			name = Release;
		};
		8000B57821F31C8200617988 /* Debug */ = {
			isa = XCBuildConfiguration;
			buildSettings = {
				ASSETCATALOG_COMPILER_APPICON_NAME = AppIcon;
				CODE_SIGN_STYLE = Automatic;
				DEVELOPMENT_TEAM = 7CQ36333N7;
				INFOPLIST_FILE = "RPN-30/Info.plist";
				LD_RUNPATH_SEARCH_PATHS = (
					"$(inherited)",
					"@executable_path/Frameworks",
				);
				PRODUCT_BUNDLE_IDENTIFIER = "com.ashok.RPN-30";
				PRODUCT_NAME = "$(TARGET_NAME)";
				SWIFT_VERSION = 4.2;
				TARGETED_DEVICE_FAMILY = "1,2";
			};
			name = Debug;
		};
		8000B57921F31C8200617988 /* Release */ = {
			isa = XCBuildConfiguration;
			buildSettings = {
				ASSETCATALOG_COMPILER_APPICON_NAME = AppIcon;
				CODE_SIGN_STYLE = Automatic;
				DEVELOPMENT_TEAM = 7CQ36333N7;
				INFOPLIST_FILE = "RPN-30/Info.plist";
				LD_RUNPATH_SEARCH_PATHS = (
					"$(inherited)",
					"@executable_path/Frameworks",
				);
				PRODUCT_BUNDLE_IDENTIFIER = "com.ashok.RPN-30";
				PRODUCT_NAME = "$(TARGET_NAME)";
				SWIFT_VERSION = 4.2;
				TARGETED_DEVICE_FAMILY = "1,2";
			};
			name = Release;
		};
/* End XCBuildConfiguration section */

/* Begin XCConfigurationList section */
		8000B55D21F31C8000617988 /* Build configuration list for PBXProject "RPN-30" */ = {
			isa = XCConfigurationList;
			buildConfigurations = (
				8000B57521F31C8200617988 /* Debug */,
				8000B57621F31C8200617988 /* Release */,
			);
			defaultConfigurationIsVisible = 0;
			defaultConfigurationName = Release;
		};
		8000B57721F31C8200617988 /* Build configuration list for PBXNativeTarget "RPN-30" */ = {
			isa = XCConfigurationList;
			buildConfigurations = (
				8000B57821F31C8200617988 /* Debug */,
				8000B57921F31C8200617988 /* Release */,
			);
			defaultConfigurationIsVisible = 0;
			defaultConfigurationName = Release;
		};
/* End XCConfigurationList section */

/* Begin XCVersionGroup section */
		8000B56C21F31C8000617988 /* RPN_30.xcdatamodeld */ = {
			isa = XCVersionGroup;
			children = (
				8000B56D21F31C8000617988 /* RPN_30.xcdatamodel */,
			);
			currentVersion = 8000B56D21F31C8000617988 /* RPN_30.xcdatamodel */;
			path = RPN_30.xcdatamodeld;
			sourceTree = "<group>";
			versionGroupType = wrapper.xcdatamodel;
		};
/* End XCVersionGroup section */
	};
	rootObject = 8000B55A21F31C8000617988 /* Project object */;
}
